{
  "name": "MyCity",
  "lockfileVersion": 3,
  "requires": true,
  "packages": {
    "": {
      "dependencies": {
        "react-chartjs-2": "^5.2.0",
        "react-charts": "^3.0.0-beta.57"
      }
    },
    "node_modules/@babel/runtime": {
      "version": "7.25.6",
      "resolved": "https://registry.npmjs.org/@babel/runtime/-/runtime-7.25.6.tgz",
      "integrity": "sha512-VBj9MYyDb9tuLq7yzqjgzt6Q+IBQLrGZfdjOekyEirZPHxXWoTSGUTMrpsfi58Up73d13NfYLv8HT9vmznjzhQ==",
      "license": "MIT",
      "dependencies": {
        "regenerator-runtime": "^0.14.0"
      },
      "engines": {
        "node": ">=6.9.0"
      }
    },
    "node_modules/@kurkle/color": {
      "version": "0.3.2",
      "resolved": "https://registry.npmjs.org/@kurkle/color/-/color-0.3.2.tgz",
      "integrity": "sha512-fuscdXJ9G1qb7W8VdHi+IwRqij3lBkosAm4ydQtEmbY58OzHXqQhvlxqEkoz0yssNVn38bcpRWgA9PP+OGoisw==",
      "license": "MIT",
      "peer": true
    },
    "node_modules/@types/d3-array": {
      "version": "3.2.1",
      "resolved": "https://registry.npmjs.org/@types/d3-array/-/d3-array-3.2.1.tgz",
      "integrity": "sha512-Y2Jn2idRrLzUfAKV2LyRImR+y4oa2AntrgID95SHJxuMUrkNXmanDSed71sRNZysveJVt1hLLemQZIady0FpEg==",
      "license": "MIT"
    },
    "node_modules/@types/d3-path": {
      "version": "3.1.0",
      "resolved": "https://registry.npmjs.org/@types/d3-path/-/d3-path-3.1.0.tgz",
      "integrity": "sha512-P2dlU/q51fkOc/Gfl3Ul9kicV7l+ra934qBFXCFhrZMOL6du1TM0pm1ThYvENukyOn5h9v+yMJ9Fn5JK4QozrQ==",
      "license": "MIT"
    },
    "node_modules/@types/d3-scale": {
      "version": "4.0.8",
      "resolved": "https://registry.npmjs.org/@types/d3-scale/-/d3-scale-4.0.8.tgz",
      "integrity": "sha512-gkK1VVTr5iNiYJ7vWDI+yUFFlszhNMtVeneJ6lUTKPjprsvLLI9/tgEGiXJOnlINJA8FyA88gfnQsHbybVZrYQ==",
      "license": "MIT",
      "dependencies": {
        "@types/d3-time": "*"
      }
    },
    "node_modules/@types/d3-shape": {
      "version": "3.1.6",
      "resolved": "https://registry.npmjs.org/@types/d3-shape/-/d3-shape-3.1.6.tgz",
      "integrity": "sha512-5KKk5aKGu2I+O6SONMYSNflgiP0WfZIQvVUMan50wHsLG1G94JlxEVnCpQARfTtzytuY0p/9PXXZb3I7giofIA==",
      "license": "MIT",
      "dependencies": {
        "@types/d3-path": "*"
      }
    },
    "node_modules/@types/d3-time": {
      "version": "3.0.3",
      "resolved": "https://registry.npmjs.org/@types/d3-time/-/d3-time-3.0.3.tgz",
      "integrity": "sha512-2p6olUZ4w3s+07q3Tm2dbiMZy5pCDfYwtLXXHUnVzXgQlZ/OyPtUz6OL382BkOuGlLXqfT+wqv8Fw2v8/0geBw==",
      "license": "MIT"
    },
    "node_modules/@types/prop-types": {
      "version": "15.7.12",
      "resolved": "https://registry.npmjs.org/@types/prop-types/-/prop-types-15.7.12.tgz",
      "integrity": "sha512-5zvhXYtRNRluoE/jAp4GVsSduVUzNWKkOZrCDBWYtE7biZywwdC2AcEzg+cSMLFRfVgeAFqpfNabiPjxFddV1Q==",
      "license": "MIT"
    },
    "node_modules/@types/raf": {
      "version": "3.4.3",
      "resolved": "https://registry.npmjs.org/@types/raf/-/raf-3.4.3.tgz",
      "integrity": "sha512-c4YAvMedbPZ5tEyxzQdMoOhhJ4RD3rngZIdwC2/qDN3d7JpEhB6fiBRKVY1lg5B7Wk+uPBjn5f39j1/2MY1oOw==",
      "license": "MIT"
    },
    "node_modules/@types/react": {
      "version": "17.0.80",
      "resolved": "https://registry.npmjs.org/@types/react/-/react-17.0.80.tgz",
      "integrity": "sha512-LrgHIu2lEtIo8M7d1FcI3BdwXWoRQwMoXOZ7+dPTW0lYREjmlHl3P0U1VD0i/9tppOuv8/sam7sOjx34TxSFbA==",
      "license": "MIT",
      "dependencies": {
        "@types/prop-types": "*",
        "@types/scheduler": "^0.16",
        "csstype": "^3.0.2"
      }
    },
    "node_modules/@types/react-dom": {
      "version": "17.0.25",
      "resolved": "https://registry.npmjs.org/@types/react-dom/-/react-dom-17.0.25.tgz",
      "integrity": "sha512-urx7A7UxkZQmThYA4So0NelOVjx3V4rNFVJwp0WZlbIK5eM4rNJDiN3R/E9ix0MBh6kAEojk/9YL+Te6D9zHNA==",
      "license": "MIT",
      "dependencies": {
        "@types/react": "^17"
      }
    },
    "node_modules/@types/scheduler": {
      "version": "0.16.8",
      "resolved": "https://registry.npmjs.org/@types/scheduler/-/scheduler-0.16.8.tgz",
      "integrity": "sha512-WZLiwShhwLRmeV6zH+GkbOFT6Z6VklCItrDioxUnv+u4Ll+8vKeFySoFyK/0ctcRpOmwAicELfmys1sDc/Rw+A==",
      "license": "MIT"
    },
    "node_modules/chart.js": {
      "version": "4.4.4",
      "resolved": "https://registry.npmjs.org/chart.js/-/chart.js-4.4.4.tgz",
      "integrity": "sha512-emICKGBABnxhMjUjlYRR12PmOXhJ2eJjEHL2/dZlWjxRAZT1D8xplLFq5M0tMQK8ja+wBS/tuVEJB5C6r7VxJA==",
      "license": "MIT",
      "peer": true,
      "dependencies": {
        "@kurkle/color": "^0.3.0"
      },
      "engines": {
        "pnpm": ">=8"
      }
    },
    "node_modules/csstype": {
      "version": "3.1.3",
      "resolved": "https://registry.npmjs.org/csstype/-/csstype-3.1.3.tgz",
      "integrity": "sha512-M1uQkMl8rQK/szD0LNhtqxIPLpimGm8sOBwU7lLnCpSbTyY3yeU1Vc7l4KT5zT4s/yOxHH5O7tIuuLOCnLADRw==",
      "license": "MIT"
    },
    "node_modules/d3-array": {
      "version": "2.12.1",
      "resolved": "https://registry.npmjs.org/d3-array/-/d3-array-2.12.1.tgz",
      "integrity": "sha512-B0ErZK/66mHtEsR1TkPEEkwdy+WDesimkM5gpZr5Dsg54BiTA5RXtYW5qTLIAcekaS9xfZrzBLF/OAkB3Qn1YQ==",
      "license": "BSD-3-Clause",
      "dependencies": {
        "internmap": "^1.0.0"
      }
    },
    "node_modules/d3-color": {
      "version": "2.0.0",
      "resolved": "https://registry.npmjs.org/d3-color/-/d3-color-2.0.0.tgz",
      "integrity": "sha512-SPXi0TSKPD4g9tw0NMZFnR95XVgUZiBH+uUTqQuDu1OsE2zomHU7ho0FISciaPvosimixwHFl3WHLGabv6dDgQ==",
      "license": "BSD-3-Clause"
    },
    "node_modules/d3-delaunay": {
      "version": "5.3.0",
      "resolved": "https://registry.npmjs.org/d3-delaunay/-/d3-delaunay-5.3.0.tgz",
      "integrity": "sha512-amALSrOllWVLaHTnDLHwMIiz0d1bBu9gZXd1FiLfXf8sHcX9jrcj81TVZOqD4UX7MgBZZ07c8GxzEgBpJqc74w==",
      "license": "ISC",
      "dependencies": {
        "delaunator": "4"
      }
    },
    "node_modules/d3-format": {
      "version": "2.0.0",
      "resolved": "https://registry.npmjs.org/d3-format/-/d3-format-2.0.0.tgz",
      "integrity": "sha512-Ab3S6XuE/Q+flY96HXT0jOXcM4EAClYFnRGY5zsjRGNy6qCYrQsMffs7cV5Q9xejb35zxW5hf/guKw34kvIKsA==",
      "license": "BSD-3-Clause"
    },
    "node_modules/d3-interpolate": {
      "version": "2.0.1",
      "resolved": "https://registry.npmjs.org/d3-interpolate/-/d3-interpolate-2.0.1.tgz",
      "integrity": "sha512-c5UhwwTs/yybcmTpAVqwSFl6vrQ8JZJoT5F7xNFK9pymv5C0Ymcc9/LIJHtYIggg/yS9YHw8i8O8tgb9pupjeQ==",
      "license": "BSD-3-Clause",
      "dependencies": {
        "d3-color": "1 - 2"
      }
    },
    "node_modules/d3-path": {
      "version": "2.0.0",
      "resolved": "https://registry.npmjs.org/d3-path/-/d3-path-2.0.0.tgz",
      "integrity": "sha512-ZwZQxKhBnv9yHaiWd6ZU4x5BtCQ7pXszEV9CU6kRgwIQVQGLMv1oiL4M+MK/n79sYzsj+gcgpPQSctJUsLN7fA==",
      "license": "BSD-3-Clause"
    },
    "node_modules/d3-scale": {
      "version": "3.3.0",
      "resolved": "https://registry.npmjs.org/d3-scale/-/d3-scale-3.3.0.tgz",
      "integrity": "sha512-1JGp44NQCt5d1g+Yy+GeOnZP7xHo0ii8zsQp6PGzd+C1/dl0KGsp9A7Mxwp+1D1o4unbTTxVdU/ZOIEBoeZPbQ==",
      "license": "BSD-3-Clause",
      "dependencies": {
        "d3-array": "^2.3.0",
        "d3-format": "1 - 2",
        "d3-interpolate": "1.2.0 - 2",
        "d3-time": "^2.1.1",
        "d3-time-format": "2 - 3"
      }
    },
    "node_modules/d3-scale/node_modules/d3-time-format": {
      "version": "3.0.0",
      "resolved": "https://registry.npmjs.org/d3-time-format/-/d3-time-format-3.0.0.tgz",
      "integrity": "sha512-UXJh6EKsHBTjopVqZBhFysQcoXSv/5yLONZvkQ5Kk3qbwiUYkdX17Xa1PT6U1ZWXGGfB1ey5L8dKMlFq2DO0Ag==",
      "license": "BSD-3-Clause",
      "dependencies": {
        "d3-time": "1 - 2"
      }
    },
    "node_modules/d3-shape": {
      "version": "2.1.0",
      "resolved": "https://registry.npmjs.org/d3-shape/-/d3-shape-2.1.0.tgz",
      "integrity": "sha512-PnjUqfM2PpskbSLTJvAzp2Wv4CZsnAgTfcVRTwW03QR3MkXF8Uo7B1y/lWkAsmbKwuecto++4NlsYcvYpXpTHA==",
      "license": "BSD-3-Clause",
      "dependencies": {
        "d3-path": "1 - 2"
      }
    },
    "node_modules/d3-time": {
      "version": "2.1.1",
      "resolved": "https://registry.npmjs.org/d3-time/-/d3-time-2.1.1.tgz",
      "integrity": "sha512-/eIQe/eR4kCQwq7yxi7z4c6qEXf2IYGcjoWB5OOQy4Tq9Uv39/947qlDcN2TLkiTzQWzvnsuYPB9TrWaNfipKQ==",
      "license": "BSD-3-Clause",
      "dependencies": {
        "d3-array": "2"
      }
    },
    "node_modules/d3-time-format": {
      "version": "4.1.0",
      "resolved": "https://registry.npmjs.org/d3-time-format/-/d3-time-format-4.1.0.tgz",
      "integrity": "sha512-dJxPBlzC7NugB2PDLwo9Q8JiTR3M3e4/XANkreKSUxF8vvXKqm1Yfq4Q5dl8budlunRVlUUaDUgFt7eA8D6NLg==",
      "license": "ISC",
      "dependencies": {
        "d3-time": "1 - 3"
      },
      "engines": {
        "node": ">=12"
      }
    },
    "node_modules/delaunator": {
      "version": "4.0.1",
      "resolved": "https://registry.npmjs.org/delaunator/-/delaunator-4.0.1.tgz",
      "integrity": "sha512-WNPWi1IRKZfCt/qIDMfERkDp93+iZEmOxN2yy4Jg+Xhv8SLk2UTqqbe1sfiipn0and9QrE914/ihdx82Y/Giag==",
      "license": "ISC"
    },
    "node_modules/internmap": {
      "version": "1.0.1",
      "resolved": "https://registry.npmjs.org/internmap/-/internmap-1.0.1.tgz",
      "integrity": "sha512-lDB5YccMydFBtasVtxnZ3MRBHuaoE8GKsppq+EchKL2U4nK/DmEpPHNH8MZe5HkMtpSiTSOZwfN0tzYjO/lJEw==",
      "license": "ISC"
    },
    "node_modules/js-tokens": {
      "version": "4.0.0",
      "resolved": "https://registry.npmjs.org/js-tokens/-/js-tokens-4.0.0.tgz",
      "integrity": "sha512-RdJUflcE3cUzKiMqQgsCu06FPu9UdIJO0beYbPhHN4k6apgJtifcoCtT9bcxOpYBtpD2kCM6Sbzg4CausW/PKQ==",
      "license": "MIT",
      "peer": true
    },
    "node_modules/loose-envify": {
      "version": "1.4.0",
      "resolved": "https://registry.npmjs.org/loose-envify/-/loose-envify-1.4.0.tgz",
      "integrity": "sha512-lyuxPGr/Wfhrlem2CL/UcnUc1zcqKAImBDzukY7Y5F/yQiNdko6+fRLevlw1HgMySw7f611UIY408EtxRSoK3Q==",
      "license": "MIT",
      "peer": true,
      "dependencies": {
        "js-tokens": "^3.0.0 || ^4.0.0"
      },
      "bin": {
        "loose-envify": "cli.js"
      }
    },
    "node_modules/react": {
      "version": "18.3.1",
      "resolved": "https://registry.npmjs.org/react/-/react-18.3.1.tgz",
      "integrity": "sha512-wS+hAgJShR0KhEvPJArfuPVN1+Hz1t0Y6n5jLrGQbkb4urgPE/0Rve+1kMB1v/oWgHgm4WIcV+i7F2pTVj+2iQ==",
      "license": "MIT",
      "peer": true,
      "dependencies": {
        "loose-envify": "^1.1.0"
      },
      "engines": {
        "node": ">=0.10.0"
      }
    },
    "node_modules/react-chartjs-2": {
      "version": "5.2.0",
      "resolved": "https://registry.npmjs.org/react-chartjs-2/-/react-chartjs-2-5.2.0.tgz",
      "integrity": "sha512-98iN5aguJyVSxp5U3CblRLH67J8gkfyGNbiK3c+l1QI/G4irHMPQw44aEPmjVag+YKTyQ260NcF82GTQ3bdscA==",
      "license": "MIT",
      "peerDependencies": {
        "chart.js": "^4.1.1",
        "react": "^16.8.0 || ^17.0.0 || ^18.0.0"
      }
    },
    "node_modules/react-charts": {
      "version": "3.0.0-beta.57",
      "resolved": "https://registry.npmjs.org/react-charts/-/react-charts-3.0.0-beta.57.tgz",
      "integrity": "sha512-vqas7IQhsnDGcMxreGaWXvSIL3poEMoUBNltJrslz/+m0pI3QejBCszL1QrLNYQfOWXrbZADfedi/a+yWOQ7Hw==",
      "license": "MIT",
      "dependencies": {
        "@babel/runtime": "^7.14.6",
        "@types/d3-array": "^3.0.1",
        "@types/d3-scale": "^4.0.1",
        "@types/d3-shape": "^3.0.1",
        "@types/raf": "^3.4.0",
        "@types/react": "^17.0.14",
        "@types/react-dom": "^17.0.9",
        "d3-array": "^2.12.1",
        "d3-delaunay": "5.3.0",
        "d3-scale": "^3.3.0",
        "d3-shape": "^2.1.0",
        "d3-time": "^2.1.1",
        "d3-time-format": "^4.1.0",
        "ts-toolbelt": "^9.6.0"
      },
      "funding": {
        "type": "github",
        "url": "https://github.com/sponsors/tannerlinsley"
      },
      "peerDependencies": {
        "react": ">=16",
        "react-dom": ">=16"
      }
    },
    "node_modules/react-dom": {
      "version": "18.3.1",
      "resolved": "https://registry.npmjs.org/react-dom/-/react-dom-18.3.1.tgz",
      "integrity": "sha512-5m4nQKp+rZRb09LNH59GM4BxTh9251/ylbKIbpe7TpGxfJ+9kv6BLkLBXIjjspbgbnIBNqlI23tRnTWT0snUIw==",
      "license": "MIT",
      "peer": true,
      "dependencies": {
        "loose-envify": "^1.1.0",
        "scheduler": "^0.23.2"
      },
      "peerDependencies": {
        "react": "^18.3.1"
      }
    },
    "node_modules/regenerator-runtime": {
      "version": "0.14.1",
      "resolved": "https://registry.npmjs.org/regenerator-runtime/-/regenerator-runtime-0.14.1.tgz",
      "integrity": "sha512-dYnhHh0nJoMfnkZs6GmmhFknAGRrLznOu5nc9ML+EJxGvrx6H7teuevqVqCuPcPK//3eDrrjQhehXVx9cnkGdw==",
      "license": "MIT"
    },
    "node_modules/scheduler": {
      "version": "0.23.2",
      "resolved": "https://registry.npmjs.org/scheduler/-/scheduler-0.23.2.tgz",
      "integrity": "sha512-UOShsPwz7NrMUqhR6t0hWjFduvOzbtv7toDH1/hIrfRNIDBnnBWd0CwJTGvTpngVlmwGCdP9/Zl/tVrDqcuYzQ==",
      "license": "MIT",
      "peer": true,
      "dependencies": {
        "loose-envify": "^1.1.0"
      }
    },
    "node_modules/ts-toolbelt": {
      "version": "9.6.0",
      "resolved": "https://registry.npmjs.org/ts-toolbelt/-/ts-toolbelt-9.6.0.tgz",
      "integrity": "sha512-nsZd8ZeNUzukXPlJmTBwUAuABDe/9qtVDelJeT/qW0ow3ZS3BsQJtNkan1802aM9Uf68/Y8ljw86Hu0h5IUW3w==",
      "license": "Apache-2.0"
    }
  }
}
